
Microsoft Visual Studio Solution File, Format Version 12.00
# Visual Studio 15
VisualStudioVersion = 15.0.28307.106
MinimumVisualStudioVersion = 10.0.40219.1
Project("{8BC9CEB8-8B4A-11D0-8D11-00A0C91BC942}") = "adventofcode", "adventofcode\adventofcode.vcxproj", "{ACA17E8D-77FB-4225-AD69-9E6620AAA71B}"
EndProject
Project("{8BC9CEB8-8B4A-11D0-8D11-00A0C91BC942}") = "adventofcode.tests", "adventofcode.tests\adventofcode.tests.vcxproj", "{CB3325A3-11F3-4E87-B1F5-83A07B4686F5}"
EndProject
Project("{2150E333-8FDC-42A3-9474-1A3956D46DE8}") = "Solution Items", "Solution Items", "{875F4431-2B0A-49EE-B4E8-A9890EB01D5D}"
	ProjectSection(SolutionItems) = preProject
		.editorconfig = .editorconfig
		.gitattributes = .gitattributes
		.gitignore = .gitignore
		README.md = README.md
	EndProjectSection
EndProject
Global
	GlobalSection(SolutionConfigurationPlatforms) = preSolution
		Debug|x64 = Debug|x64
		Debug|x86 = Debug|x86
		Release|x64 = Release|x64
		Release|x86 = Release|x86
	EndGlobalSection
	GlobalSection(ProjectConfigurationPlatforms) = postSolution
		{ACA17E8D-77FB-4225-AD69-9E6620AAA71B}.Debug|x64.ActiveCfg = Debug|x64
		{ACA17E8D-77FB-4225-AD69-9E6620AAA71B}.Debug|x64.Build.0 = Debug|x64
		{ACA17E8D-77FB-4225-AD69-9E6620AAA71B}.Debug|x86.ActiveCfg = Debug|Win32
		{ACA17E8D-77FB-4225-AD69-9E6620AAA71B}.Debug|x86.Build.0 = Debug|Win32
		{ACA17E8D-77FB-4225-AD69-9E6620AAA71B}.Release|x64.ActiveCfg = Release|x64
		{ACA17E8D-77FB-4225-AD69-9E6620AAA71B}.Release|x64.Build.0 = Release|x64
		{ACA17E8D-77FB-4225-AD69-9E6620AAA71B}.Release|x86.ActiveCfg = Release|Win32
		{ACA17E8D-77FB-4225-AD69-9E6620AAA71B}.Release|x86.Build.0 = Release|Win32
		{CB3325A3-11F3-4E87-B1F5-83A07B4686F5}.Debug|x64.ActiveCfg = Debug|x64
		{CB3325A3-11F3-4E87-B1F5-83A07B4686F5}.Debug|x64.Build.0 = Debug|x64
		{CB3325A3-11F3-4E87-B1F5-83A07B4686F5}.Debug|x86.ActiveCfg = Debug|Win32
		{CB3325A3-11F3-4E87-B1F5-83A07B4686F5}.Debug|x86.Build.0 = Debug|Win32
		{CB3325A3-11F3-4E87-B1F5-83A07B4686F5}.Release|x64.ActiveCfg = Release|x64
		{CB3325A3-11F3-4E87-B1F5-83A07B4686F5}.Release|x64.Build.0 = Release|x64
		{CB3325A3-11F3-4E87-B1F5-83A07B4686F5}.Release|x86.ActiveCfg = Release|Win32
		{CB3325A3-11F3-4E87-B1F5-83A07B4686F5}.Release|x86.Build.0 = Release|Win32
	EndGlobalSection
	GlobalSection(SolutionProperties) = preSolution
		HideSolutionNode = FALSE
	EndGlobalSection
	GlobalSection(ExtensibilityGlobals) = postSolution
		SolutionGuid = {6F69A518-30BA-4FF0-B459-2C7FE58948C6}
	EndGlobalSection
EndGlobal
